<?xml version="1.0" encoding="utf-8"?>
<Project ToolsVersion="4.0" xmlns="http://schemas.microsoft.com/developer/msbuild/2003">
  <ItemGroup>
    <Filter Include="源文件">
      <UniqueIdentifier>{4FC737F1-C7A5-4376-A066-2A32D752A2FF}</UniqueIdentifier>
      <Extensions>cpp;c;cc;cxx;c++;cppm;ixx;def;odl;idl;hpj;bat;asm;asmx</Extensions>
    </Filter>
    <Filter Include="头文件">
      <UniqueIdentifier>{93995380-89BD-4b04-88EB-625FBE52EBFB}</UniqueIdentifier>
      <Extensions>h;hh;hpp;hxx;h++;hm;inl;inc;ipp;xsd</Extensions>
    </Filter>
    <Filter Include="资源文件">
      <UniqueIdentifier>{67DA6AB6-F800-4c08-8B7A-83BB121AAD01}</UniqueIdentifier>
      <Extensions>rc;ico;cur;bmp;dlg;rc2;rct;bin;rgs;gif;jpg;jpeg;jpe;resx;tiff;tif;png;wav;mfcribbon-ms</Extensions>
    </Filter>
    <Filter Include="源文件\1-200">
      <UniqueIdentifier>{373afcd5-aaec-47f9-9d28-428d9366def3}</UniqueIdentifier>
    </Filter>
    <Filter Include="源文件\201-400">
      <UniqueIdentifier>{68dc3741-6186-44b2-9c23-66ae432704be}</UniqueIdentifier>
    </Filter>
    <Filter Include="源文件\401-600">
      <UniqueIdentifier>{da7b3dfd-72da-47d9-ab52-6bfb3664e480}</UniqueIdentifier>
    </Filter>
    <Filter Include="源文件\601-800">
      <UniqueIdentifier>{00af0af0-3be1-4111-8063-9f2c6e5f4d38}</UniqueIdentifier>
    </Filter>
    <Filter Include="源文件\801-1000">
      <UniqueIdentifier>{2caad34a-02cb-4aa7-a9c4-55786757ed22}</UniqueIdentifier>
    </Filter>
    <Filter Include="源文件\面试题">
      <UniqueIdentifier>{8e20a3bc-c628-482e-b604-6ecc5763f7de}</UniqueIdentifier>
    </Filter>
    <Filter Include="源文件\1001-1200">
      <UniqueIdentifier>{f3dad4a6-b5fc-4b7f-b4f1-5bac948bf412}</UniqueIdentifier>
    </Filter>
    <Filter Include="源文件\lanqiao">
      <UniqueIdentifier>{f1ace2f6-1c3e-44ac-bd96-c851b4d0ce56}</UniqueIdentifier>
    </Filter>
    <Filter Include="源文件\hot100">
      <UniqueIdentifier>{a68c483d-74c2-4b9b-9968-4c4083328172}</UniqueIdentifier>
    </Filter>
    <Filter Include="源文件\笔试">
      <UniqueIdentifier>{36f7deda-e21f-4f23-9098-cc7b4c1c4764}</UniqueIdentifier>
    </Filter>
    <Filter Include="源文件\随想录速刷">
      <UniqueIdentifier>{f41e1e52-cba6-4af1-a880-3d03c79668a1}</UniqueIdentifier>
    </Filter>
  </ItemGroup>
  <ItemGroup>
    <ClCompile Include="2两数相加.cpp">
      <Filter>源文件\1-200</Filter>
    </ClCompile>
    <ClCompile Include="6N字形变换.cpp">
      <Filter>源文件\1-200</Filter>
    </ClCompile>
    <ClCompile Include="8字符串转整数(atoi).cpp">
      <Filter>源文件\1-200</Filter>
    </ClCompile>
    <ClCompile Include="12整数转罗马数字.cpp">
      <Filter>源文件\1-200</Filter>
    </ClCompile>
    <ClCompile Include="13罗马数字转整数.cpp">
      <Filter>源文件\1-200</Filter>
    </ClCompile>
    <ClCompile Include="19删除链表的倒数第 N 个结点.cpp">
      <Filter>源文件\1-200</Filter>
    </ClCompile>
    <ClCompile Include="21合并两个有序的链表.cpp">
      <Filter>源文件\1-200</Filter>
    </ClCompile>
    <ClCompile Include="28找出字符串中第一个匹配项的下标.cpp">
      <Filter>源文件\1-200</Filter>
    </ClCompile>
    <ClCompile Include="38外观数列.cpp">
      <Filter>源文件\1-200</Filter>
    </ClCompile>
    <ClCompile Include="35搜索插入位置.cpp">
      <Filter>源文件\1-200</Filter>
    </ClCompile>
    <ClCompile Include="49字母的异位词分组.cpp">
      <Filter>源文件\1-200</Filter>
    </ClCompile>
    <ClCompile Include="61旋转链表.cpp">
      <Filter>源文件\1-200</Filter>
    </ClCompile>
    <ClCompile Include="92反转链表Ⅱ.cpp">
      <Filter>源文件\1-200</Filter>
    </ClCompile>
    <ClCompile Include="68文本左右对齐.cpp">
      <Filter>源文件\1-200</Filter>
    </ClCompile>
    <ClCompile Include="94二叉树中序遍历.cpp">
      <Filter>源文件\1-200</Filter>
    </ClCompile>
    <ClCompile Include="98验证二叉搜索树.cpp">
      <Filter>源文件\1-200</Filter>
    </ClCompile>
    <ClCompile Include="100相同的树.cpp">
      <Filter>源文件\1-200</Filter>
    </ClCompile>
    <ClCompile Include="101对称二叉树.cpp">
      <Filter>源文件\1-200</Filter>
    </ClCompile>
    <ClCompile Include="103二叉树的锯齿形层序遍历.cpp">
      <Filter>源文件\1-200</Filter>
    </ClCompile>
    <ClCompile Include="104二叉树的最大深度.cpp">
      <Filter>源文件\1-200</Filter>
    </ClCompile>
    <ClCompile Include="107二叉树层序遍历Ⅱ.cpp">
      <Filter>源文件\1-200</Filter>
    </ClCompile>
    <ClCompile Include="108将有序数组转为二叉搜索树.cpp">
      <Filter>源文件\1-200</Filter>
    </ClCompile>
    <ClCompile Include="109有序链表转二叉搜索树.cpp">
      <Filter>源文件\1-200</Filter>
    </ClCompile>
    <ClCompile Include="110平衡二叉树.cpp">
      <Filter>源文件\1-200</Filter>
    </ClCompile>
    <ClCompile Include="111二叉树的最小深度.cpp">
      <Filter>源文件\1-200</Filter>
    </ClCompile>
    <ClCompile Include="151反转字符串中的单词.cpp">
      <Filter>源文件\1-200</Filter>
    </ClCompile>
    <ClCompile Include="165比较版本号.cpp">
      <Filter>源文件\1-200</Filter>
    </ClCompile>
    <ClCompile Include="173二叉搜索树迭代器.cpp">
      <Filter>源文件\1-200</Filter>
    </ClCompile>
    <ClCompile Include="203移除链表元素.cpp">
      <Filter>源文件\201-400</Filter>
    </ClCompile>
    <ClCompile Include="206反转链表.cpp">
      <Filter>源文件\201-400</Filter>
    </ClCompile>
    <ClCompile Include="214最短回文串.cpp">
      <Filter>源文件\201-400</Filter>
    </ClCompile>
    <ClCompile Include="222完全二叉树的节点个数.cpp">
      <Filter>源文件\201-400</Filter>
    </ClCompile>
    <ClCompile Include="226翻转二叉树.cpp">
      <Filter>源文件\201-400</Filter>
    </ClCompile>
    <ClCompile Include="230二叉搜索树中第K小的元素.cpp">
      <Filter>源文件\201-400</Filter>
    </ClCompile>
    <ClCompile Include="237删除链表中的节点.cpp">
      <Filter>源文件\201-400</Filter>
    </ClCompile>
    <ClCompile Include="242有效的字母异位词.cpp">
      <Filter>源文件\201-400</Filter>
    </ClCompile>
    <ClCompile Include="257二叉树的所有路径.cpp">
      <Filter>源文件\201-400</Filter>
    </ClCompile>
    <ClCompile Include="299猜数字游戏.cpp">
      <Filter>源文件\201-400</Filter>
    </ClCompile>
    <ClCompile Include="344_反转字符串.cpp">
      <Filter>源文件\201-400</Filter>
    </ClCompile>
    <ClCompile Include="383赎金信.cpp">
      <Filter>源文件\201-400</Filter>
    </ClCompile>
    <ClCompile Include="387字符串中的第一个唯一字符.cpp">
      <Filter>源文件\201-400</Filter>
    </ClCompile>
    <ClCompile Include="389找不同.cpp">
      <Filter>源文件\201-400</Filter>
    </ClCompile>
    <ClCompile Include="412FizzBuzz.cpp">
      <Filter>源文件\401-600</Filter>
    </ClCompile>
    <ClCompile Include="423从英文中重建数字.cpp">
      <Filter>源文件\401-600</Filter>
    </ClCompile>
    <ClCompile Include="430扁平化多级双向链表.cpp">
      <Filter>源文件\401-600</Filter>
    </ClCompile>
    <ClCompile Include="443压缩字符串.cpp">
      <Filter>源文件\401-600</Filter>
    </ClCompile>
    <ClCompile Include="451根据字符出现频率排序.cpp">
      <Filter>源文件\401-600</Filter>
    </ClCompile>
    <ClCompile Include="459重复的子字符串.cpp">
      <Filter>源文件\401-600</Filter>
    </ClCompile>
    <ClCompile Include="467环绕字符串中唯一的子字符串.cpp">
      <Filter>源文件\401-600</Filter>
    </ClCompile>
    <ClCompile Include="481神奇字符串.cpp">
      <Filter>源文件\401-600</Filter>
    </ClCompile>
    <ClCompile Include="482密钥格式化.cpp">
      <Filter>源文件\401-600</Filter>
    </ClCompile>
    <ClCompile Include="506相对名次.cpp">
      <Filter>源文件\401-600</Filter>
    </ClCompile>
    <ClCompile Include="592分数加减运算.cpp">
      <Filter>源文件\401-600</Filter>
    </ClCompile>
    <ClCompile Include="557反转字符串中的单词3.cpp">
      <Filter>源文件\401-600</Filter>
    </ClCompile>
    <ClCompile Include="553最优除法.cpp">
      <Filter>源文件\401-600</Filter>
    </ClCompile>
    <ClCompile Include="551学生出勤记录一.cpp">
      <Filter>源文件\401-600</Filter>
    </ClCompile>
    <ClCompile Include="541反转字符串2.cpp">
      <Filter>源文件\401-600</Filter>
    </ClCompile>
    <ClCompile Include="539最小时间差.cpp">
      <Filter>源文件\401-600</Filter>
    </ClCompile>
    <ClCompile Include="538把二叉搜索树转换为累加树.cpp">
      <Filter>源文件\401-600</Filter>
    </ClCompile>
    <ClCompile Include="537复数乘法.cpp">
      <Filter>源文件\401-600</Filter>
    </ClCompile>
    <ClCompile Include="535TinyURL的加密与解密.cpp">
      <Filter>源文件\401-600</Filter>
    </ClCompile>
    <ClCompile Include="530二叉搜索树的最小绝对差.cpp">
      <Filter>源文件\401-600</Filter>
    </ClCompile>
    <ClCompile Include="515找二叉树每一行的最大值.cpp">
      <Filter>源文件\401-600</Filter>
    </ClCompile>
    <ClCompile Include="513找树左下角的值.cpp">
      <Filter>源文件\401-600</Filter>
    </ClCompile>
    <ClCompile Include="637二叉树的层平均值.cpp">
      <Filter>源文件\601-800</Filter>
    </ClCompile>
    <ClCompile Include="640求解方程.cpp">
      <Filter>源文件\601-800</Filter>
    </ClCompile>
    <ClCompile Include="653两数之和Ⅳ二叉搜索树.cpp">
      <Filter>源文件\601-800</Filter>
    </ClCompile>
    <ClCompile Include="657机器人能否返回原点.cpp">
      <Filter>源文件\601-800</Filter>
    </ClCompile>
    <ClCompile Include="671二叉树中第二小的节点.cpp">
      <Filter>源文件\601-800</Filter>
    </ClCompile>
    <ClCompile Include="686重复叠加字符串匹配.cpp">
      <Filter>源文件\601-800</Filter>
    </ClCompile>
    <ClCompile Include="696计数二进制子串.cpp">
      <Filter>源文件\601-800</Filter>
    </ClCompile>
    <ClCompile Include="700二叉搜索树中的搜索.cpp">
      <Filter>源文件\601-800</Filter>
    </ClCompile>
    <ClCompile Include="704二分查找.cpp">
      <Filter>源文件\601-800</Filter>
    </ClCompile>
    <ClCompile Include="977有序数组的平方.cpp">
      <Filter>源文件\801-1000</Filter>
    </ClCompile>
    <ClCompile Include="209长度最小的子数组.cpp">
      <Filter>源文件\201-400</Filter>
    </ClCompile>
    <ClCompile Include="59螺旋矩阵Ⅱ.cpp">
      <Filter>源文件\1-200</Filter>
    </ClCompile>
    <ClCompile Include="707设计链表.cpp">
      <Filter>源文件\601-800</Filter>
    </ClCompile>
    <ClCompile Include="24两两交换链表中的结点.cpp">
      <Filter>源文件\1-200</Filter>
    </ClCompile>
    <ClCompile Include="面试题 02.07链表相交.cpp">
      <Filter>源文件\面试题</Filter>
    </ClCompile>
    <ClCompile Include="142环形链表Ⅱ.cpp">
      <Filter>源文件\1-200</Filter>
    </ClCompile>
    <ClCompile Include="349两个数组的交集.cpp">
      <Filter>源文件\201-400</Filter>
    </ClCompile>
    <ClCompile Include="202快乐数.cpp">
      <Filter>源文件\201-400</Filter>
    </ClCompile>
    <ClCompile Include="454四数相加Ⅱ.cpp">
      <Filter>源文件\401-600</Filter>
    </ClCompile>
    <ClCompile Include="58最后一个单词的长度.cpp">
      <Filter>源文件\1-200</Filter>
    </ClCompile>
    <ClCompile Include="232用栈实现队列.cpp">
      <Filter>源文件\201-400</Filter>
    </ClCompile>
    <ClCompile Include="66加一.cpp">
      <Filter>源文件\1-200</Filter>
    </ClCompile>
    <ClCompile Include="67二进制求和.cpp">
      <Filter>源文件\1-200</Filter>
    </ClCompile>
    <ClCompile Include="18四数之和.cpp">
      <Filter>源文件\1-200</Filter>
    </ClCompile>
    <ClCompile Include="225用队列实现栈.cpp">
      <Filter>源文件\201-400</Filter>
    </ClCompile>
    <ClCompile Include="1047删除字符串中的重复项.cpp">
      <Filter>源文件\1001-1200</Filter>
    </ClCompile>
    <ClCompile Include="69x的平方根.cpp">
      <Filter>源文件\1-200</Filter>
    </ClCompile>
    <ClCompile Include="88合并两个有序数组.cpp">
      <Filter>源文件\1-200</Filter>
    </ClCompile>
    <ClCompile Include="83删除排序链表中的重复元素.cpp">
      <Filter>源文件\1-200</Filter>
    </ClCompile>
    <ClCompile Include="118杨辉三角.cpp">
      <Filter>源文件\1-200</Filter>
    </ClCompile>
    <ClCompile Include="150逆波兰表达式求值.cpp">
      <Filter>源文件\1-200</Filter>
    </ClCompile>
    <ClCompile Include="347前K个高频元素.cpp">
      <Filter>源文件\201-400</Filter>
    </ClCompile>
    <ClCompile Include="239滑动窗口的最大值.cpp">
      <Filter>源文件\201-400</Filter>
    </ClCompile>
    <ClCompile Include="144二叉树的前序遍历.cpp">
      <Filter>源文件\1-200</Filter>
    </ClCompile>
    <ClCompile Include="145二叉树的后序遍历.cpp">
      <Filter>源文件\1-200</Filter>
    </ClCompile>
    <ClCompile Include="102二叉树的层序遍历.cpp">
      <Filter>源文件\1-200</Filter>
    </ClCompile>
    <ClCompile Include="199二叉树的右视图.cpp">
      <Filter>源文件\1-200</Filter>
    </ClCompile>
    <ClCompile Include="429N叉树的层序遍历.cpp">
      <Filter>源文件\401-600</Filter>
    </ClCompile>
    <ClCompile Include="116填充每一个节点的下一个右侧节点指针.cpp">
      <Filter>源文件\1-200</Filter>
    </ClCompile>
    <ClCompile Include="117填充每一个节点的下一个右侧节点指针Ⅱ.cpp">
      <Filter>源文件\1-200</Filter>
    </ClCompile>
    <ClCompile Include="404左叶子之和.cpp">
      <Filter>源文件\401-600</Filter>
    </ClCompile>
    <ClCompile Include="112路径总和.cpp">
      <Filter>源文件\1-200</Filter>
    </ClCompile>
    <ClCompile Include="106从中序与后序遍历序列构造二叉树.cpp">
      <Filter>源文件\1-200</Filter>
    </ClCompile>
    <ClCompile Include="105从前序与中序遍历序列构造二叉树.cpp">
      <Filter>源文件\1-200</Filter>
    </ClCompile>
    <ClCompile Include="654最大二叉树.cpp">
      <Filter>源文件\601-800</Filter>
    </ClCompile>
    <ClCompile Include="617合并二叉树.cpp">
      <Filter>源文件\601-800</Filter>
    </ClCompile>
    <ClCompile Include="501二叉搜索树中的众数.cpp">
      <Filter>源文件\401-600</Filter>
    </ClCompile>
    <ClCompile Include="236二叉树的最近公共祖先.cpp">
      <Filter>源文件\201-400</Filter>
    </ClCompile>
    <ClCompile Include="235二叉搜索树的最近公共祖先.cpp">
      <Filter>源文件\201-400</Filter>
    </ClCompile>
    <ClCompile Include="701二叉搜索树中的插入操作.cpp">
      <Filter>源文件\601-800</Filter>
    </ClCompile>
    <ClCompile Include="450删除二叉搜索树中的节点.cpp">
      <Filter>源文件\401-600</Filter>
    </ClCompile>
    <ClCompile Include="669修剪二叉搜索树.cpp">
      <Filter>源文件\601-800</Filter>
    </ClCompile>
    <ClCompile Include="77组合.cpp">
      <Filter>源文件\1-200</Filter>
    </ClCompile>
    <ClCompile Include="216组合总和Ⅲ.cpp">
      <Filter>源文件\201-400</Filter>
    </ClCompile>
    <ClCompile Include="17电话号码的字母组合.cpp">
      <Filter>源文件\1-200</Filter>
    </ClCompile>
    <ClCompile Include="39组合总和.cpp">
      <Filter>源文件\1-200</Filter>
    </ClCompile>
    <ClCompile Include="40组合总和Ⅱ.cpp">
      <Filter>源文件\1-200</Filter>
    </ClCompile>
    <ClCompile Include="131分割回文串.cpp">
      <Filter>源文件\1-200</Filter>
    </ClCompile>
    <ClCompile Include="93复原IP地址.cpp">
      <Filter>源文件\1-200</Filter>
    </ClCompile>
    <ClCompile Include="78子集.cpp">
      <Filter>源文件\1-200</Filter>
    </ClCompile>
    <ClCompile Include="90子集Ⅱ.cpp">
      <Filter>源文件\1-200</Filter>
    </ClCompile>
    <ClCompile Include="491非递减子序列.cpp">
      <Filter>源文件\401-600</Filter>
    </ClCompile>
    <ClCompile Include="46全排列.cpp">
      <Filter>源文件\1-200</Filter>
    </ClCompile>
    <ClCompile Include="332重新安排行程.cpp">
      <Filter>源文件\201-400</Filter>
    </ClCompile>
    <ClCompile Include="51N皇后.cpp">
      <Filter>源文件\1-200</Filter>
    </ClCompile>
    <ClCompile Include="37解数独.cpp">
      <Filter>源文件\1-200</Filter>
    </ClCompile>
    <ClCompile Include="455分发饼干.cpp">
      <Filter>源文件\401-600</Filter>
    </ClCompile>
    <ClCompile Include="376摆动序列.cpp">
      <Filter>源文件\201-400</Filter>
    </ClCompile>
    <ClCompile Include="53最大子数组和.cpp">
      <Filter>源文件\1-200</Filter>
    </ClCompile>
    <ClCompile Include="122买卖股票的最佳时机Ⅱ.cpp">
      <Filter>源文件\1-200</Filter>
    </ClCompile>
    <ClCompile Include="55跳跃游戏.cpp">
      <Filter>源文件\1-200</Filter>
    </ClCompile>
    <ClCompile Include="45跳跃游戏Ⅱ.cpp">
      <Filter>源文件\1-200</Filter>
    </ClCompile>
    <ClCompile Include="1005K次取反后最大化的数组和.cpp">
      <Filter>源文件\1001-1200</Filter>
    </ClCompile>
    <ClCompile Include="134加油站.cpp">
      <Filter>源文件\1-200</Filter>
    </ClCompile>
    <ClCompile Include="860柠檬水找零.cpp">
      <Filter>源文件\801-1000</Filter>
    </ClCompile>
    <ClCompile Include="135分发糖果.cpp">
      <Filter>源文件\1-200</Filter>
    </ClCompile>
    <ClCompile Include="406根据身高重建队列.cpp">
      <Filter>源文件\401-600</Filter>
    </ClCompile>
    <ClCompile Include="452用最少数量的箭引爆气球.cpp">
      <Filter>源文件\401-600</Filter>
    </ClCompile>
    <ClCompile Include="435无重叠区间.cpp">
      <Filter>源文件\401-600</Filter>
    </ClCompile>
    <ClCompile Include="763划分字母区间.cpp">
      <Filter>源文件\601-800</Filter>
    </ClCompile>
    <ClCompile Include="56合并区间.cpp">
      <Filter>源文件\1-200</Filter>
    </ClCompile>
    <ClCompile Include="738单调递增的数字.cpp">
      <Filter>源文件\601-800</Filter>
    </ClCompile>
    <ClCompile Include="968监控二叉树.cpp">
      <Filter>源文件\801-1000</Filter>
    </ClCompile>
    <ClCompile Include="509斐波那契数.cpp">
      <Filter>源文件\401-600</Filter>
    </ClCompile>
    <ClCompile Include="70爬楼梯.cpp">
      <Filter>源文件\1-200</Filter>
    </ClCompile>
    <ClCompile Include="746使用最小花费爬楼梯.cpp">
      <Filter>源文件\601-800</Filter>
    </ClCompile>
    <ClCompile Include="lq_2301_日期统计.cpp">
      <Filter>源文件\lanqiao</Filter>
    </ClCompile>
    <ClCompile Include="lq_2302_01串的熵.cpp">
      <Filter>源文件\lanqiao</Filter>
    </ClCompile>
    <ClCompile Include="lq_2303_冶炼金属.cpp">
      <Filter>源文件\lanqiao</Filter>
    </ClCompile>
    <ClCompile Include="62不同路径.cpp">
      <Filter>源文件\1-200</Filter>
    </ClCompile>
    <ClCompile Include="lq_2304_飞机降落.cpp">
      <Filter>源文件\lanqiao</Filter>
    </ClCompile>
    <ClCompile Include="lq_2305_接龙数列.cpp">
      <Filter>源文件\lanqiao</Filter>
    </ClCompile>
    <ClCompile Include="lq_2306_岛屿个数.cpp">
      <Filter>源文件\lanqiao</Filter>
    </ClCompile>
    <ClCompile Include="lq_2307_子串简写.cpp">
      <Filter>源文件\lanqiao</Filter>
    </ClCompile>
    <ClCompile Include="63不同路径Ⅱ.cpp">
      <Filter>源文件\1-200</Filter>
    </ClCompile>
    <ClCompile Include="lq_2308_整数删除.cpp">
      <Filter>源文件\lanqiao</Filter>
    </ClCompile>
    <ClCompile Include="lq_2309_景区导游.cpp">
      <Filter>源文件\lanqiao</Filter>
    </ClCompile>
    <ClCompile Include="343整数拆分.cpp">
      <Filter>源文件\201-400</Filter>
    </ClCompile>
    <ClCompile Include="96不同的二叉搜索树.cpp">
      <Filter>源文件\1-200</Filter>
    </ClCompile>
    <ClCompile Include="416分割等和子集.cpp">
      <Filter>源文件\401-600</Filter>
    </ClCompile>
    <ClCompile Include="lq_2310_砍树.cpp">
      <Filter>源文件\lanqiao</Filter>
    </ClCompile>
    <ClCompile Include="lq_2201_九进制转十进制.cpp">
      <Filter>源文件\lanqiao</Filter>
    </ClCompile>
    <ClCompile Include="lq_2202_顺子日期.cpp">
      <Filter>源文件\lanqiao</Filter>
    </ClCompile>
    <ClCompile Include="lq_2203_刷题统计.cpp">
      <Filter>源文件\lanqiao</Filter>
    </ClCompile>
    <ClCompile Include="1049最后一块石头的重量Ⅱ.cpp">
      <Filter>源文件\1001-1200</Filter>
    </ClCompile>
    <ClCompile Include="lq_2204_修建灌木.cpp">
      <Filter>源文件\lanqiao</Filter>
    </ClCompile>
    <ClCompile Include="lq_2205_X进制减法.cpp">
      <Filter>源文件\lanqiao</Filter>
    </ClCompile>
    <ClCompile Include="lq_2206_统计子矩阵.cpp">
      <Filter>源文件\lanqiao</Filter>
    </ClCompile>
    <ClCompile Include="lq_2207_积木画.cpp">
      <Filter>源文件\lanqiao</Filter>
    </ClCompile>
    <ClCompile Include="lq_2208_扫雷.cpp">
      <Filter>源文件\lanqiao</Filter>
    </ClCompile>
    <ClCompile Include="lq_2209_李白打酒加强版.cpp">
      <Filter>源文件\lanqiao</Filter>
    </ClCompile>
    <ClCompile Include="lq_2210_砍竹子.cpp">
      <Filter>源文件\lanqiao</Filter>
    </ClCompile>
    <ClCompile Include="lq_2101_空间.cpp">
      <Filter>源文件\lanqiao</Filter>
    </ClCompile>
    <ClCompile Include="lq_2102_卡片.cpp">
      <Filter>源文件\lanqiao</Filter>
    </ClCompile>
    <ClCompile Include="lq_2103_直线.cpp">
      <Filter>源文件\lanqiao</Filter>
    </ClCompile>
    <ClCompile Include="494目标和.cpp">
      <Filter>源文件\401-600</Filter>
    </ClCompile>
    <ClCompile Include="lq_2104_货物摆放.cpp">
      <Filter>源文件\lanqiao</Filter>
    </ClCompile>
    <ClCompile Include="lq_2105_路径.cpp">
      <Filter>源文件\lanqiao</Filter>
    </ClCompile>
    <ClCompile Include="lq_2106_时间显示.cpp">
      <Filter>源文件\lanqiao</Filter>
    </ClCompile>
    <ClCompile Include="lq_2107_砝码称重.cpp">
      <Filter>源文件\lanqiao</Filter>
    </ClCompile>
    <ClCompile Include="lq_2108_杨辉三角.cpp">
      <Filter>源文件\lanqiao</Filter>
    </ClCompile>
    <ClCompile Include="lq_2109_双向排序.cpp">
      <Filter>源文件\lanqiao</Filter>
    </ClCompile>
    <ClCompile Include="lq_2110_括号序列.cpp">
      <Filter>源文件\lanqiao</Filter>
    </ClCompile>
    <ClCompile Include="474一和零.cpp">
      <Filter>源文件\401-600</Filter>
    </ClCompile>
    <ClCompile Include="160相交链表.cpp">
      <Filter>源文件\hot100</Filter>
    </ClCompile>
    <ClCompile Include="234回文链表.cpp">
      <Filter>源文件\hot100</Filter>
    </ClCompile>
    <ClCompile Include="141环形链表.cpp">
      <Filter>源文件\hot100</Filter>
    </ClCompile>
    <ClCompile Include="543二叉树的直径.cpp">
      <Filter>源文件\hot100</Filter>
    </ClCompile>
    <ClCompile Include="121买卖股票的最佳时机.cpp">
      <Filter>源文件\hot100</Filter>
    </ClCompile>
    <ClCompile Include="136只出现一次的数字.cpp">
      <Filter>源文件\hot100</Filter>
    </ClCompile>
    <ClCompile Include="169多数元素.cpp">
      <Filter>源文件\hot100</Filter>
    </ClCompile>
    <ClCompile Include="128最长连续序列.cpp">
      <Filter>源文件\hot100</Filter>
    </ClCompile>
    <ClCompile Include="11盛最多水的容器.cpp">
      <Filter>源文件\hot100</Filter>
    </ClCompile>
    <ClCompile Include="3无重复字符的最长子串.cpp">
      <Filter>源文件\hot100</Filter>
    </ClCompile>
    <ClCompile Include="米哈游_01_米小游和蹦蹦史莱姆.cpp">
      <Filter>源文件\笔试</Filter>
    </ClCompile>
    <ClCompile Include="米哈游_02_米小游与一番赏.cpp">
      <Filter>源文件\笔试</Filter>
    </ClCompile>
    <ClCompile Include="米哈游_03_米小游与建木.cpp">
      <Filter>源文件\笔试</Filter>
    </ClCompile>
    <ClCompile Include="73矩阵置零.cpp">
      <Filter>源文件\hot100</Filter>
    </ClCompile>
    <ClCompile Include="74搜索二维矩阵.cpp">
      <Filter>源文件\hot100</Filter>
    </ClCompile>
    <ClCompile Include="148排序链表.cpp">
      <Filter>源文件\hot100</Filter>
    </ClCompile>
    <ClCompile Include="438找到字符串中所有字母的异位词.cpp">
      <Filter>源文件\hot100</Filter>
    </ClCompile>
    <ClCompile Include="560和为K的子数组.cpp">
      <Filter>源文件\hot100</Filter>
    </ClCompile>
    <ClCompile Include="191位1的个数.cpp">
      <Filter>源文件\1-200</Filter>
    </ClCompile>
    <ClCompile Include="47全排列Ⅱ.cpp">
      <Filter>源文件\1-200</Filter>
    </ClCompile>
    <ClCompile Include="55_k右旋字符串.cpp">
      <Filter>源文件\1-200</Filter>
    </ClCompile>
    <ClCompile Include="189轮转数组.cpp">
      <Filter>源文件\hot100</Filter>
    </ClCompile>
    <ClCompile Include="238除自身以外的数组的乘积.cpp">
      <Filter>源文件\hot100</Filter>
    </ClCompile>
    <ClCompile Include="146LRU缓存.cpp">
      <Filter>源文件\hot100</Filter>
    </ClCompile>
    <ClCompile Include="138随机链表的复制.cpp">
      <Filter>源文件\hot100</Filter>
    </ClCompile>
    <ClCompile Include="114二叉树展开为链表.cpp">
      <Filter>源文件\hot100</Filter>
    </ClCompile>
    <ClCompile Include="437路经总和Ⅲ.cpp">
      <Filter>源文件\hot100</Filter>
    </ClCompile>
    <ClCompile Include="22括号生成.cpp">
      <Filter>源文件\hot100</Filter>
    </ClCompile>
    <ClCompile Include="79单词搜索.cpp">
      <Filter>源文件\hot100</Filter>
    </ClCompile>
    <ClCompile Include="二分查找.cpp">
      <Filter>源文件\随想录速刷</Filter>
    </ClCompile>
    <ClCompile Include="螺旋矩阵Ⅱ.cpp">
      <Filter>源文件\随想录速刷</Filter>
    </ClCompile>
    <ClCompile Include="移除链表元素.cpp">
      <Filter>源文件\随想录速刷</Filter>
    </ClCompile>
    <ClCompile Include="反转链表.cpp">
      <Filter>源文件\随想录速刷</Filter>
    </ClCompile>
    <ClCompile Include="有效字母的异位串.cpp">
      <Filter>源文件\随想录速刷</Filter>
    </ClCompile>
    <ClCompile Include="两个数组的交集.cpp">
      <Filter>源文件\随想录速刷</Filter>
    </ClCompile>
    <ClCompile Include="反转字符串中的单词.cpp">
      <Filter>源文件\随想录速刷</Filter>
    </ClCompile>
    <ClCompile Include="前K个高频元素.cpp">
      <Filter>源文件\随想录速刷</Filter>
    </ClCompile>
    <ClCompile Include="二叉树的层序遍历.cpp">
      <Filter>源文件\随想录速刷</Filter>
    </ClCompile>
    <ClCompile Include="翻转二叉树.cpp">
      <Filter>源文件\随想录速刷</Filter>
    </ClCompile>
    <ClCompile Include="二叉树的最大深度.cpp">
      <Filter>源文件\随想录速刷</Filter>
    </ClCompile>
    <ClCompile Include="二叉搜索树中的插入操作.cpp">
      <Filter>源文件\随想录速刷</Filter>
    </ClCompile>
    <ClCompile Include="对称二叉树.cpp">
      <Filter>源文件\随想录速刷</Filter>
    </ClCompile>
    <ClCompile Include="组合.cpp">
      <Filter>源文件\随想录速刷</Filter>
    </ClCompile>
    <ClCompile Include="两个线程交替打印.cpp">
      <Filter>源文件\随想录速刷</Filter>
    </ClCompile>
    <ClCompile Include="删除二叉搜索树中的节点.cpp">
      <Filter>源文件\随想录速刷</Filter>
    </ClCompile>
    <ClCompile Include="54螺旋矩阵.cpp">
      <Filter>源文件\hot100</Filter>
    </ClCompile>
    <ClCompile Include="48旋转图像.cpp">
      <Filter>源文件\hot100</Filter>
    </ClCompile>
    <ClCompile Include="240搜索二维矩阵Ⅱ.cpp">
      <Filter>源文件\hot100</Filter>
    </ClCompile>
    <ClCompile Include="34在排序数组中查找元素的第一个和最后一个位置.cpp">
      <Filter>源文件\hot100</Filter>
    </ClCompile>
    <ClCompile Include="33搜索旋转排序数组.cpp">
      <Filter>源文件\hot100</Filter>
    </ClCompile>
    <ClCompile Include="386字典序排数.cpp">
      <Filter>源文件\201-400</Filter>
    </ClCompile>
    <ClCompile Include="网易雷火_04_永劫无间.cpp">
      <Filter>源文件\笔试</Filter>
    </ClCompile>
    <ClCompile Include="网易雷火_01_司龄积木.cpp">
      <Filter>源文件\笔试</Filter>
    </ClCompile>
    <ClCompile Include="网易雷火_02_操作次数.cpp">
      <Filter>源文件\笔试</Filter>
    </ClCompile>
    <ClCompile Include="网易雷火_03_爬塔游戏.cpp">
      <Filter>源文件\笔试</Filter>
    </ClCompile>
    <ClCompile Include="153寻找旋转排序数组中的最小值.cpp">
      <Filter>源文件\hot100</Filter>
    </ClCompile>
    <ClCompile Include="155最小栈.cpp">
      <Filter>源文件\hot100</Filter>
    </ClCompile>
    <ClCompile Include="394字符串解码.cpp">
      <Filter>源文件\hot100</Filter>
    </ClCompile>
    <ClCompile Include="739每日温度.cpp">
      <Filter>源文件\hot100</Filter>
    </ClCompile>
    <ClCompile Include="215数组中的第K个最大元素.cpp">
      <Filter>源文件\hot100</Filter>
    </ClCompile>
    <ClCompile Include="31下一个排列.cpp">
      <Filter>源文件\hot100</Filter>
    </ClCompile>
    <ClCompile Include="287寻找重复数.cpp">
      <Filter>源文件\hot100</Filter>
    </ClCompile>
    <ClCompile Include="198打家劫舍.cpp">
      <Filter>源文件\hot100</Filter>
    </ClCompile>
    <ClCompile Include="279完全平方数.cpp">
      <Filter>源文件\hot100</Filter>
    </ClCompile>
    <ClCompile Include="322零钱兑换.cpp">
      <Filter>源文件\hot100</Filter>
    </ClCompile>
    <ClCompile Include="139单词拆分.cpp">
      <Filter>源文件\hot100</Filter>
    </ClCompile>
    <ClCompile Include="300最长递增子序列.cpp">
      <Filter>源文件\hot100</Filter>
    </ClCompile>
    <ClCompile Include="152乘积最大子数组.cpp">
      <Filter>源文件\hot100</Filter>
    </ClCompile>
    <ClCompile Include="64最小路径和.cpp">
      <Filter>源文件\hot100</Filter>
    </ClCompile>
    <ClCompile Include="5最长回文子串.cpp">
      <Filter>源文件\hot100</Filter>
    </ClCompile>
    <ClCompile Include="1143最长公共子序列.cpp">
      <Filter>源文件\hot100</Filter>
    </ClCompile>
    <ClCompile Include="72编辑距离.cpp">
      <Filter>源文件\hot100</Filter>
    </ClCompile>
    <ClCompile Include="80删除有序数组中的重复项Ⅱ.cpp">
      <Filter>源文件\hot100</Filter>
    </ClCompile>
    <ClCompile Include="994腐烂的橘子.cpp">
      <Filter>源文件\hot100</Filter>
    </ClCompile>
    <ClCompile Include="207课程表.cpp">
      <Filter>源文件\hot100</Filter>
    </ClCompile>
    <ClCompile Include="1两数之和.cpp">
      <Filter>源文件\hot100</Filter>
    </ClCompile>
    <ClCompile Include="49字母异位词分组.cpp">
      <Filter>源文件\hot100</Filter>
    </ClCompile>
    <ClCompile Include="283移动零.cpp">
      <Filter>源文件\hot100</Filter>
    </ClCompile>
    <ClCompile Include="15三数之和.cpp">
      <Filter>源文件\hot100</Filter>
    </ClCompile>
    <ClCompile Include="42接雨水.cpp">
      <Filter>源文件\hot100</Filter>
    </ClCompile>
  </ItemGroup>
</Project>